
Microsoft Visual Studio Solution File, Format Version 12.00
# Visual Studio Version 17
VisualStudioVersion = 17.4.33103.184
MinimumVisualStudioVersion = 10.0.40219.1
Project("{FAE04EC0-301F-11D3-BF4B-00C04F79EFBC}") = "7.119", "7.119\7.119.csproj", "{B1F26B82-3D9E-42D6-8BDD-3D4EBA5ED119}"
EndProject
Global
	GlobalSection(SolutionConfigurationPlatforms) = preSolution
		Debug|Any CPU = Debug|Any CPU
		Release|Any CPU = Release|Any CPU
	EndGlobalSection
	GlobalSection(ProjectConfigurationPlatforms) = postSolution
		{B1F26B82-3D9E-42D6-8BDD-3D4EBA5ED119}.Debug|Any CPU.ActiveCfg = Debug|Any CPU
		{B1F26B82-3D9E-42D6-8BDD-3D4EBA5ED119}.Debug|Any CPU.Build.0 = Debug|Any CPU
		{B1F26B82-3D9E-42D6-8BDD-3D4EBA5ED119}.Release|Any CPU.ActiveCfg = Release|Any CPU
		{B1F26B82-3D9E-42D6-8BDD-3D4EBA5ED119}.Release|Any CPU.Build.0 = Release|Any CPU
	EndGlobalSection
	GlobalSection(SolutionProperties) = preSolution
		HideSolutionNode = FALSE
	EndGlobalSection
	GlobalSection(ExtensibilityGlobals) = postSolution
		SolutionGuid = {F08BE30E-2B19-4272-B591-44F93F1997AB}
	EndGlobalSection
EndGlobal
